// !$*UTF8*$!
{
	archiveVersion = 1;
	classes = {
	};
	objectVersion = 77;
	objects = {

/* Begin PBXBuildFile section */
		3EE3EF14303266500017D337 /* InventoryItem.swift in Sources */ = {isa = PBXBuildFile; fileRef = 3EE3EF12303266500017D337 /* InventoryItem.swift */; };
		3EE3EF15303266500017D337 /* Recipe.swift in Sources */ = {isa = PBXBuildFile; fileRef = 3EE3EF13303266500017D337 /* Recipe.swift */; };
		3EE3EF1B303271E40017D337 /* AddInventoryItemView.swift in Sources */ = {isa = PBXBuildFile; fileRef = 3EE3EF18303271E40017D337 /* AddInventoryItemView.swift */; };
		3EE3EF1D303271FB0017D337 /* InventoryViewModel.swift in Sources */ = {isa = PBXBuildFile; fileRef = 3EE3EF1C303271FB0017D337 /* InventoryViewModel.swift */; };
		3EE3EF263032835C0017D337 /* CategoryColor.swift in Sources */ = {isa = PBXBuildFile; fileRef = 3EE3EF253032835C0017D337 /* CategoryColor.swift */; };
		3EE3EF29303283F80017D337 /* RecipeDetailView.swift in Sources */ = {isa = PBXBuildFile; fileRef = 3EE3EF28303283F80017D337 /* RecipeDetailView.swift */; };
		3EE3EF2D3032BBFE0017D337 /* Secrets.swift in Sources */ = {isa = PBXBuildFile; fileRef = 3EE3EF2C3032BBFE0017D337 /* Secrets.swift */; };
		3EE3EF303032BC650017D337 /* GeminiAIService.swift in Sources */ = {isa = PBXBuildFile; fileRef = 3EE3EF2F3032BC650017D337 /* GeminiAIService.swift */; };
		3EE3EF323032BD020017D337 /* RecipeViewModel.swift in Sources */ = {isa = PBXBuildFile; fileRef = 3EE3EF313032BD020017D337 /* RecipeViewModel.swift */; };
		3EE3EF3C303425460017D337 /* EditInventoryItemView.swift in Sources */ = {isa = PBXBuildFile; fileRef = 3EE3EF3B303425460017D337 /* EditInventoryItemView.swift */; };
		3EE3EF3F3034258B0017D337 /* RecipeListView.swift in Sources */ = {isa = PBXBuildFile; fileRef = 3EE3EF3E3034258B0017D337 /* RecipeListView.swift */; };
		3EE3EF403034258B0017D337 /* InventoryView.swift in Sources */ = {isa = PBXBuildFile; fileRef = 3EE3EF3D3034258B0017D337 /* InventoryView.swift */; };
/* End PBXBuildFile section */

/* Begin PBXFileReference section */
		3EE3EEFB30325C0D0017D337 /* HomeChef AI.app */ = {isa = PBXFileReference; explicitFileType = wrapper.application; includeInIndex = 0; path = "HomeChef AI.app"; sourceTree = BUILT_PRODUCTS_DIR; };
		3EE3EF12303266500017D337 /* InventoryItem.swift */ = {isa = PBXFileReference; lastKnownFileType = sourcecode.swift; path = InventoryItem.swift; sourceTree = "<group>"; };
		3EE3EF13303266500017D337 /* Recipe.swift */ = {isa = PBXFileReference; lastKnownFileType = sourcecode.swift; path = Recipe.swift; sourceTree = "<group>"; };
		3EE3EF18303271E40017D337 /* AddInventoryItemView.swift */ = {isa = PBXFileReference; lastKnownFileType = sourcecode.swift; path = AddInventoryItemView.swift; sourceTree = "<group>"; };
		3EE3EF1C303271FB0017D337 /* InventoryViewModel.swift */ = {isa = PBXFileReference; lastKnownFileType = sourcecode.swift; path = InventoryViewModel.swift; sourceTree = "<group>"; };
		3EE3EF253032835C0017D337 /* CategoryColor.swift */ = {isa = PBXFileReference; lastKnownFileType = sourcecode.swift; path = CategoryColor.swift; sourceTree = "<group>"; };
		3EE3EF28303283F80017D337 /* RecipeDetailView.swift */ = {isa = PBXFileReference; lastKnownFileType = sourcecode.swift; path = RecipeDetailView.swift; sourceTree = "<group>"; };
		3EE3EF2C3032BBFE0017D337 /* Secrets.swift */ = {isa = PBXFileReference; lastKnownFileType = sourcecode.swift; path = Secrets.swift; sourceTree = "<group>"; };
		3EE3EF2F3032BC650017D337 /* GeminiAIService.swift */ = {isa = PBXFileReference; lastKnownFileType = sourcecode.swift; path = GeminiAIService.swift; sourceTree = "<group>"; };
		3EE3EF313032BD020017D337 /* RecipeViewModel.swift */ = {isa = PBXFileReference; lastKnownFileType = sourcecode.swift; path = RecipeViewModel.swift; sourceTree = "<group>"; };
		3EE3EF3B303425460017D337 /* EditInventoryItemView.swift */ = {isa = PBXFileReference; lastKnownFileType = sourcecode.swift; path = EditInventoryItemView.swift; sourceTree = "<group>"; };
		3EE3EF3D3034258B0017D337 /* InventoryView.swift */ = {isa = PBXFileReference; lastKnownFileType = sourcecode.swift; path = InventoryView.swift; sourceTree = "<group>"; };
		3EE3EF3E3034258B0017D337 /* RecipeListView.swift */ = {isa = PBXFileReference; lastKnownFileType = sourcecode.swift; path = RecipeListView.swift; sourceTree = "<group>"; };
/* End PBXFileReference section */

/* Begin PBXFileSystemSynchronizedRootGroup section */
		3EE3EEFD30325C0D0017D337 /* HomeChef AI */ = {
			isa = PBXFileSystemSynchronizedRootGroup;
			path = "HomeChef AI";
			sourceTree = "<group>";
		};
/* End PBXFileSystemSynchronizedRootGroup section */

/* Begin PBXFrameworksBuildPhase section */
		3EE3EEF830325C0D0017D337 /* Frameworks */ = {
			isa = PBXFrameworksBuildPhase;
			buildActionMask = 2147483647;
			files = (
			);
			runOnlyForDeploymentPostprocessing = 0;
		};
/* End PBXFrameworksBuildPhase section */

/* Begin PBXGroup section */
		3EE3EEF230325C0D0017D337 = {
			isa = PBXGroup;
			children = (
				3EE3EF2E3032BC4E0017D337 /* Services */,
				3EE3EF2B3032BBE20017D337 /* Config */,
				3EE3EF243032831A0017D337 /* Extensions */,
				3EE3EF17303271B30017D337 /* ViewModels */,
				3EE3EF16303271A90017D337 /* Views */,
				3EE3EF0B30325C6C0017D337 /* Models */,
				3EE3EEFD30325C0D0017D337 /* HomeChef AI */,
				3EE3EEFC30325C0D0017D337 /* Products */,
			);
			sourceTree = "<group>";
		};
		3EE3EEFC30325C0D0017D337 /* Products */ = {
			isa = PBXGroup;
			children = (
				3EE3EEFB30325C0D0017D337 /* HomeChef AI.app */,
			);
			name = Products;
			sourceTree = "<group>";
		};
		3EE3EF0B30325C6C0017D337 /* Models */ = {
			isa = PBXGroup;
			children = (
				3EE3EF12303266500017D337 /* InventoryItem.swift */,
				3EE3EF13303266500017D337 /* Recipe.swift */,
			);
			path = Models;
			sourceTree = "<group>";
		};
		3EE3EF16303271A90017D337 /* Views */ = {
			isa = PBXGroup;
			children = (
				3EE3EF18303271E40017D337 /* AddInventoryItemView.swift */,
				3EE3EF28303283F80017D337 /* RecipeDetailView.swift */,
				3EE3EF3B303425460017D337 /* EditInventoryItemView.swift */,
				3EE3EF3D3034258B0017D337 /* InventoryView.swift */,
				3EE3EF3E3034258B0017D337 /* RecipeListView.swift */,
			);
			path = Views;
			sourceTree = "<group>";
		};
		3EE3EF17303271B30017D337 /* ViewModels */ = {
			isa = PBXGroup;
			children = (
				3EE3EF1C303271FB0017D337 /* InventoryViewModel.swift */,
				3EE3EF313032BD020017D337 /* RecipeViewModel.swift */,
			);
			path = ViewModels;
			sourceTree = "<group>";
		};
		3EE3EF243032831A0017D337 /* Extensions */ = {
			isa = PBXGroup;
			children = (
				3EE3EF253032835C0017D337 /* CategoryColor.swift */,
			);
			path = Extensions;
			sourceTree = "<group>";
		};
		3EE3EF2B3032BBE20017D337 /* Config */ = {
			isa = PBXGroup;
			children = (
				3EE3EF2C3032BBFE0017D337 /* Secrets.swift */,
			);
			path = Config;
			sourceTree = "<group>";
		};
		3EE3EF2E3032BC4E0017D337 /* Services */ = {
			isa = PBXGroup;
			children = (
				3EE3EF2F3032BC650017D337 /* GeminiAIService.swift */,
			);
			path = Services;
			sourceTree = "<group>";
		};
/* End PBXGroup section */

/* Begin PBXNativeTarget section */
		3EE3EEFA30325C0D0017D337 /* HomeChef AI */ = {
			isa = PBXNativeTarget;
			buildConfigurationList = 3EE3EF0830325C0D0017D337 /* Build configuration list for PBXNativeTarget "HomeChef AI" */;
			buildPhases = (
				3EE3EEF730325C0D0017D337 /* Sources */,
				3EE3EEF830325C0D0017D337 /* Frameworks */,
				3EE3EEF930325C0D0017D337 /* Resources */,
			);
			buildRules = (
			);
			dependencies = (
			);
			fileSystemSynchronizedGroups = (
				3EE3EEFD30325C0D0017D337 /* HomeChef AI */,
			);
			name = "HomeChef AI";
			packageProductDependencies = (
			);
			productName = "HomeChef AI";
			productReference = 3EE3EEFB30325C0D0017D337 /* HomeChef AI.app */;
			productType = "com.apple.product-type.application";
		};
/* End PBXNativeTarget section */

/* Begin PBXProject section */
		3EE3EEF330325C0D0017D337 /* Project object */ = {
			isa = PBXProject;
			attributes = {
				BuildIndependentTargetsInParallel = 1;
				LastSwiftUpdateCheck = 2660;
				LastUpgradeCheck = 2660;
				TargetAttributes = {
					3EE3EEFA30325C0D0017D337 = {
						CreatedOnToolsVersion = 26.6;
						LastSwiftMigration = 2660;
					};
				};
			};
			buildConfigurationList = 3EE3EEF630325C0D0017D337 /* Build configuration list for PBXProject "HomeChef AI" */;
			developmentRegion = en;
			hasScannedForEncodings = 0;
			knownRegions = (
				en,
				Base,
			);
			mainGroup = 3EE3EEF230325C0D0017D337;
			minimizedProjectReferenceProxies = 1;
			preferredProjectObjectVersion = 77;
			productRefGroup = 3EE3EEFC30325C0D0017D337 /* Products */;
			projectDirPath = "";
			projectRoot = "";
			targets = (
				3EE3EEFA30325C0D0017D337 /* HomeChef AI */,
			);
		};
/* End PBXProject section */

/* Begin PBXResourcesBuildPhase section */
		3EE3EEF930325C0D0017D337 /* Resources */ = {
			isa = PBXResourcesBuildPhase;
			buildActionMask = 2147483647;
			files = (
			);
			runOnlyForDeploymentPostprocessing = 0;
		};
/* End PBXResourcesBuildPhase section */

/* Begin PBXSourcesBuildPhase section */
		3EE3EEF730325C0D0017D337 /* Sources */ = {
			isa = PBXSourcesBuildPhase;
			buildActionMask = 2147483647;
			files = (
				3EE3EF1B303271E40017D337 /* AddInventoryItemView.swift in Sources */,
				3EE3EF2D3032BBFE0017D337 /* Secrets.swift in Sources */,
				3EE3EF29303283F80017D337 /* RecipeDetailView.swift in Sources */,
				3EE3EF14303266500017D337 /* InventoryItem.swift in Sources */,
				3EE3EF303032BC650017D337 /* GeminiAIService.swift in Sources */,
				3EE3EF3C303425460017D337 /* EditInventoryItemView.swift in Sources */,
				3EE3EF323032BD020017D337 /* RecipeViewModel.swift in Sources */,
				3EE3EF15303266500017D337 /* Recipe.swift in Sources */,
				3EE3EF3F3034258B0017D337 /* RecipeListView.swift in Sources */,
				3EE3EF403034258B0017D337 /* InventoryView.swift in Sources */,
				3EE3EF263032835C0017D337 /* CategoryColor.swift in Sources */,
				3EE3EF1D303271FB0017D337 /* InventoryViewModel.swift in Sources */,
			);
			runOnlyForDeploymentPostprocessing = 0;
		};
/* End PBXSourcesBuildPhase section */

/* Begin XCBuildConfiguration section */
		3EE3EF0630325C0D0017D337 /* Debug */ = {
			isa = XCBuildConfiguration;
			buildSettings = {
				ALWAYS_SEARCH_USER_PATHS = NO;
				ASSETCATALOG_COMPILER_GENERATE_SWIFT_ASSET_SYMBOL_EXTENSIONS = YES;
				CLANG_ANALYZER_NONNULL = YES;
				CLANG_ANALYZER_NUMBER_OBJECT_CONVERSION = YES_AGGRESSIVE;
				CLANG_CXX_LANGUAGE_STANDARD = "gnu++20";
				CLANG_ENABLE_MODULES = YES;
				CLANG_ENABLE_OBJC_ARC = YES;
				CLANG_ENABLE_OBJC_WEAK = YES;
				CLANG_WARN_BLOCK_CAPTURE_AUTORELEASING = YES;
				CLANG_WARN_BOOL_CONVERSION = YES;
				CLANG_WARN_COMMA = YES;
				CLANG_WARN_CONSTANT_CONVERSION = YES;
				CLANG_WARN_DEPRECATED_OBJC_IMPLEMENTATIONS = YES;
				CLANG_WARN_DIRECT_OBJC_ISA_USAGE = YES_ERROR;
				CLANG_WARN_DOCUMENTATION_COMMENTS = YES;
				CLANG_WARN_EMPTY_BODY = YES;
				CLANG_WARN_ENUM_CONVERSION = YES;
				CLANG_WARN_INFINITE_RECURSION = YES;
				CLANG_WARN_INT_CONVERSION = YES;
				CLANG_WARN_NON_LITERAL_NULL_CONVERSION = YES;
				CLANG_WARN_OBJC_IMPLICIT_RETAIN_SELF = YES;
				CLANG_WARN_OBJC_LITERAL_CONVERSION = YES;
				CLANG_WARN_OBJC_ROOT_CLASS = YES_ERROR;
				CLANG_WARN_QUOTED_INCLUDE_IN_FRAMEWORK_HEADER = YES;
				CLANG_WARN_RANGE_LOOP_ANALYSIS = YES;
				CLANG_WARN_STRICT_PROTOTYPES = YES;
				CLANG_WARN_SUSPICIOUS_MOVE = YES;
				CLANG_WARN_UNGUARDED_AVAILABILITY = YES_AGGRESSIVE;
				CLANG_WARN_UNREACHABLE_CODE = YES;
				CLANG_WARN__DUPLICATE_METHOD_MATCH = YES;
				COPY_PHASE_STRIP = NO;
				DEBUG_INFORMATION_FORMAT = dwarf;
				DEVELOPMENT_TEAM = SB6326SNW9;
				ENABLE_STRICT_OBJC_MSGSEND = YES;
				ENABLE_TESTABILITY = YES;
				ENABLE_USER_SCRIPT_SANDBOXING = YES;
				GCC_C_LANGUAGE_STANDARD = gnu17;
				GCC_DYNAMIC_NO_PIC = NO;
				GCC_NO_COMMON_BLOCKS = YES;
				GCC_OPTIMIZATION_LEVEL = 0;
				GCC_PREPROCESSOR_DEFINITIONS = (
					"DEBUG=1",
					"$(inherited)",
				);
				GCC_WARN_64_TO_32_BIT_CONVERSION = YES;
				GCC_WARN_ABOUT_RETURN_TYPE = YES_ERROR;
				GCC_WARN_UNDECLARED_SELECTOR = YES;
				GCC_WARN_UNINITIALIZED_AUTOS = YES_AGGRESSIVE;
				GCC_WARN_UNUSED_FUNCTION = YES;
				GCC_WARN_UNUSED_VARIABLE = YES;
				LOCALIZATION_PREFERS_STRING_CATALOGS = YES;
				MTL_ENABLE_DEBUG_INFO = INCLUDE_SOURCE;
				MTL_FAST_MATH = YES;
				ONLY_ACTIVE_ARCH = YES;
				SWIFT_ACTIVE_COMPILATION_CONDITIONS = "DEBUG $(inherited)";
				SWIFT_OPTIMIZATION_LEVEL = "-Onone";
			};
			name = Debug;
		};
		3EE3EF0730325C0D0017D337 /* Release */ = {
			isa = XCBuildConfiguration;
			buildSettings = {
				ALWAYS_SEARCH_USER_PATHS = NO;
				ASSETCATALOG_COMPILER_GENERATE_SWIFT_ASSET_SYMBOL_EXTENSIONS = YES;
				CLANG_ANALYZER_NONNULL = YES;
				CLANG_ANALYZER_NUMBER_OBJECT_CONVERSION = YES_AGGRESSIVE;
				CLANG_CXX_LANGUAGE_STANDARD = "gnu++20";
				CLANG_ENABLE_MODULES = YES;
				CLANG_ENABLE_OBJC_ARC = YES;
				CLANG_ENABLE_OBJC_WEAK = YES;
				CLANG_WARN_BLOCK_CAPTURE_AUTORELEASING = YES;
				CLANG_WARN_BOOL_CONVERSION = YES;
				CLANG_WARN_COMMA = YES;
				CLANG_WARN_CONSTANT_CONVERSION = YES;
				CLANG_WARN_DEPRECATED_OBJC_IMPLEMENTATIONS = YES;
				CLANG_WARN_DIRECT_OBJC_ISA_USAGE = YES_ERROR;
				CLANG_WARN_DOCUMENTATION_COMMENTS = YES;
				CLANG_WARN_EMPTY_BODY = YES;
				CLANG_WARN_ENUM_CONVERSION = YES;
				CLANG_WARN_INFINITE_RECURSION = YES;
				CLANG_WARN_INT_CONVERSION = YES;
				CLANG_WARN_NON_LITERAL_NULL_CONVERSION = YES;
				CLANG_WARN_OBJC_IMPLICIT_RETAIN_SELF = YES;
				CLANG_WARN_OBJC_LITERAL_CONVERSION = YES;
				CLANG_WARN_OBJC_ROOT_CLASS = YES_ERROR;
				CLANG_WARN_QUOTED_INCLUDE_IN_FRAMEWORK_HEADER = YES;
				CLANG_WARN_RANGE_LOOP_ANALYSIS = YES;
				CLANG_WARN_STRICT_PROTOTYPES = YES;
				CLANG_WARN_SUSPICIOUS_MOVE = YES;
				CLANG_WARN_UNGUARDED_AVAILABILITY = YES_AGGRESSIVE;
				CLANG_WARN_UNREACHABLE_CODE = YES;
				CLANG_WARN__DUPLICATE_METHOD_MATCH = YES;
				COPY_PHASE_STRIP = NO;
				DEBUG_INFORMATION_FORMAT = "dwarf-with-dsym";
				DEVELOPMENT_TEAM = SB6326SNW9;
				ENABLE_NS_ASSERTIONS = NO;
				ENABLE_STRICT_OBJC_MSGSEND = YES;
				ENABLE_USER_SCRIPT_SANDBOXING = YES;
				GCC_C_LANGUAGE_STANDARD = gnu17;
				GCC_NO_COMMON_BLOCKS = YES;
				GCC_WARN_64_TO_32_BIT_CONVERSION = YES;
				GCC_WARN_ABOUT_RETURN_TYPE = YES_ERROR;
				GCC_WARN_UNDECLARED_SELECTOR = YES;
				GCC_WARN_UNINITIALIZED_AUTOS = YES_AGGRESSIVE;
				GCC_WARN_UNUSED_FUNCTION = YES;
				GCC_WARN_UNUSED_VARIABLE = YES;
				LOCALIZATION_PREFERS_STRING_CATALOGS = YES;
				MTL_ENABLE_DEBUG_INFO = NO;
				MTL_FAST_MATH = YES;
				SWIFT_COMPILATION_MODE = wholemodule;
			};
			name = Release;
		};
		3EE3EF0930325C0D0017D337 /* Debug */ = {
			isa = XCBuildConfiguration;
			buildSettings = {
				ASSETCATALOG_COMPILER_APPICON_NAME = AppIcon;
				ASSETCATALOG_COMPILER_GLOBAL_ACCENT_COLOR_NAME = AccentColor;
				CLANG_ENABLE_MODULES = YES;
				CODE_SIGN_STYLE = Automatic;
				CURRENT_PROJECT_VERSION = 1;
				DEVELOPMENT_TEAM = SB6326SNW9;
				ENABLE_APP_SANDBOX = YES;
				ENABLE_HARDENED_RUNTIME = YES;
				ENABLE_PREVIEWS = YES;
				ENABLE_USER_SELECTED_FILES = readonly;
				GENERATE_INFOPLIST_FILE = YES;
				"INFOPLIST_KEY_UIApplicationSceneManifest_Generation[sdk=iphoneos*]" = YES;
				"INFOPLIST_KEY_UIApplicationSceneManifest_Generation[sdk=iphonesimulator*]" = YES;
				"INFOPLIST_KEY_UIApplicationSupportsIndirectInputEvents[sdk=iphoneos*]" = YES;
				"INFOPLIST_KEY_UIApplicationSupportsIndirectInputEvents[sdk=iphonesimulator*]" = YES;
				"INFOPLIST_KEY_UILaunchScreen_Generation[sdk=iphoneos*]" = YES;
				"INFOPLIST_KEY_UILaunchScreen_Generation[sdk=iphonesimulator*]" = YES;
				"INFOPLIST_KEY_UIStatusBarStyle[sdk=iphoneos*]" = UIStatusBarStyleDefault;
				"INFOPLIST_KEY_UIStatusBarStyle[sdk=iphonesimulator*]" = UIStatusBarStyleDefault;
				INFOPLIST_KEY_UISupportedInterfaceOrientations_iPad = "UIInterfaceOrientationPortrait UIInterfaceOrientationPortraitUpsideDown UIInterfaceOrientationLandscapeLeft UIInterfaceOrientationLandscapeRight";
				INFOPLIST_KEY_UISupportedInterfaceOrientations_iPhone = "UIInterfaceOrientationPortrait UIInterfaceOrientationLandscapeLeft UIInterfaceOrientationLandscapeRight";
				IPHONEOS_DEPLOYMENT_TARGET = 26.5;
				LD_RUNPATH_SEARCH_PATHS = "@executable_path/Frameworks";
				"LD_RUNPATH_SEARCH_PATHS[sdk=macosx*]" = "@executable_path/../Frameworks";
				MACOSX_DEPLOYMENT_TARGET = 26.5;
				MARKETING_VERSION = 1.0;
				PRODUCT_BUNDLE_IDENTIFIER = "com.poxosapps.HomeChef-AI";
				PRODUCT_NAME = "$(TARGET_NAME)";
				REGISTER_APP_GROUPS = YES;
				SDKROOT = auto;
				STRING_CATALOG_GENERATE_SYMBOLS = YES;
				SUPPORTED_PLATFORMS = "iphoneos iphonesimulator macosx xros xrsimulator";
				SWIFT_APPROACHABLE_CONCURRENCY = YES;
				SWIFT_DEFAULT_ACTOR_ISOLATION = MainActor;
				SWIFT_EMIT_LOC_STRINGS = YES;
				SWIFT_OPTIMIZATION_LEVEL = "-Onone";
				SWIFT_UPCOMING_FEATURE_MEMBER_IMPORT_VISIBILITY = YES;
				SWIFT_VERSION = 5.0;
				TARGETED_DEVICE_FAMILY = "1,2,7";
				XROS_DEPLOYMENT_TARGET = 26.5;
			};
			name = Debug;
		};
		3EE3EF0A30325C0D0017D337 /* Release */ = {
			isa = XCBuildConfiguration;
			buildSettings = {
				ASSETCATALOG_COMPILER_APPICON_NAME = AppIcon;
				ASSETCATALOG_COMPILER_GLOBAL_ACCENT_COLOR_NAME = AccentColor;
				CLANG_ENABLE_MODULES = YES;
				CODE_SIGN_STYLE = Automatic;
				CURRENT_PROJECT_VERSION = 1;
				DEVELOPMENT_TEAM = SB6326SNW9;
				ENABLE_APP_SANDBOX = YES;
				ENABLE_HARDENED_RUNTIME = YES;
				ENABLE_PREVIEWS = YES;
				ENABLE_USER_SELECTED_FILES = readonly;
				GENERATE_INFOPLIST_FILE = YES;
				"INFOPLIST_KEY_UIApplicationSceneManifest_Generation[sdk=iphoneos*]" = YES;
				"INFOPLIST_KEY_UIApplicationSceneManifest_Generation[sdk=iphonesimulator*]" = YES;
				"INFOPLIST_KEY_UIApplicationSupportsIndirectInputEvents[sdk=iphoneos*]" = YES;
				"INFOPLIST_KEY_UIApplicationSupportsIndirectInputEvents[sdk=iphonesimulator*]" = YES;
				"INFOPLIST_KEY_UILaunchScreen_Generation[sdk=iphoneos*]" = YES;
				"INFOPLIST_KEY_UILaunchScreen_Generation[sdk=iphonesimulator*]" = YES;
				"INFOPLIST_KEY_UIStatusBarStyle[sdk=iphoneos*]" = UIStatusBarStyleDefault;
				"INFOPLIST_KEY_UIStatusBarStyle[sdk=iphonesimulator*]" = UIStatusBarStyleDefault;
				INFOPLIST_KEY_UISupportedInterfaceOrientations_iPad = "UIInterfaceOrientationPortrait UIInterfaceOrientationPortraitUpsideDown UIInterfaceOrientationLandscapeLeft UIInterfaceOrientationLandscapeRight";
				INFOPLIST_KEY_UISupportedInterfaceOrientations_iPhone = "UIInterfaceOrientationPortrait UIInterfaceOrientationLandscapeLeft UIInterfaceOrientationLandscapeRight";
				IPHONEOS_DEPLOYMENT_TARGET = 26.5;
				LD_RUNPATH_SEARCH_PATHS = "@executable_path/Frameworks";
				"LD_RUNPATH_SEARCH_PATHS[sdk=macosx*]" = "@executable_path/../Frameworks";
				MACOSX_DEPLOYMENT_TARGET = 26.5;
				MARKETING_VERSION = 1.0;
				PRODUCT_BUNDLE_IDENTIFIER = "com.poxosapps.HomeChef-AI";
				PRODUCT_NAME = "$(TARGET_NAME)";
				REGISTER_APP_GROUPS = YES;
				SDKROOT = auto;
				STRING_CATALOG_GENERATE_SYMBOLS = YES;
				SUPPORTED_PLATFORMS = "iphoneos iphonesimulator macosx xros xrsimulator";
				SWIFT_APPROACHABLE_CONCURRENCY = YES;
				SWIFT_DEFAULT_ACTOR_ISOLATION = MainActor;
				SWIFT_EMIT_LOC_STRINGS = YES;
				SWIFT_UPCOMING_FEATURE_MEMBER_IMPORT_VISIBILITY = YES;
				SWIFT_VERSION = 5.0;
				TARGETED_DEVICE_FAMILY = "1,2,7";
				XROS_DEPLOYMENT_TARGET = 26.5;
			};
			name = Release;
		};
/* End XCBuildConfiguration section */

/* Begin XCConfigurationList section */
		3EE3EEF630325C0D0017D337 /* Build configuration list for PBXProject "HomeChef AI" */ = {
			isa = XCConfigurationList;
			buildConfigurations = (
				3EE3EF0630325C0D0017D337 /* Debug */,
				3EE3EF0730325C0D0017D337 /* Release */,
			);
			defaultConfigurationIsVisible = 0;
			defaultConfigurationName = Release;
		};
		3EE3EF0830325C0D0017D337 /* Build configuration list for PBXNativeTarget "HomeChef AI" */ = {
			isa = XCConfigurationList;
			buildConfigurations = (
				3EE3EF0930325C0D0017D337 /* Debug */,
				3EE3EF0A30325C0D0017D337 /* Release */,
			);
			defaultConfigurationIsVisible = 0;
			defaultConfigurationName = Release;
		};
/* End XCConfigurationList section */
	};
	rootObject = 3EE3EEF330325C0D0017D337 /* Project object */;
}
